
Microsoft Visual Studio Solution File, Format Version 12.00
# Visual Studio Version 16
VisualStudioVersion = 16.0.31229.75
MinimumVisualStudioVersion = 10.0.40219.1
Project("{FAE04EC0-301F-11D3-BF4B-00C04F79EFBC}") = "SetiINTERPOL", "SetiINTERPOL\SetiINTERPOL.csproj", "{E3EEE044-FE58-4F3A-88DD-83DC4567675F}"
EndProject
Global
	GlobalSection(SolutionConfigurationPlatforms) = preSolution
		Debug|Any CPU = Debug|Any CPU
		Release|Any CPU = Release|Any CPU
	EndGlobalSection
	GlobalSection(ProjectConfigurationPlatforms) = postSolution
		{E3EEE044-FE58-4F3A-88DD-83DC4567675F}.Debug|Any CPU.ActiveCfg = Debug|Any CPU
		{E3EEE044-FE58-4F3A-88DD-83DC4567675F}.Debug|Any CPU.Build.0 = Debug|Any CPU
		{E3EEE044-FE58-4F3A-88DD-83DC4567675F}.Release|Any CPU.ActiveCfg = Release|Any CPU
		{E3EEE044-FE58-4F3A-88DD-83DC4567675F}.Release|Any CPU.Build.0 = Release|Any CPU
	EndGlobalSection
	GlobalSection(SolutionProperties) = preSolution
		HideSolutionNode = FALSE
	EndGlobalSection
	GlobalSection(ExtensibilityGlobals) = postSolution
		SolutionGuid = {52AC0BA4-5066-4A32-87A8-FDEAE371E68F}
	EndGlobalSection
EndGlobal
